
Microsoft Visual Studio Solution File, Format Version 12.00
# Visual Studio Version 16
VisualStudioVersion = 16.0.31205.134
MinimumVisualStudioVersion = 10.0.40219.1
Project("{888888A0-9F3D-457C-B088-3A5042F75D52}") = "TraceFiles", "09_TraceFiles.pyproj", "{4432C9A3-C4EA-4A0F-8676-B5EF31032340}"
EndProject
Global
	GlobalSection(SolutionConfigurationPlatforms) = preSolution
		Debug|Any CPU = Debug|Any CPU
		Release|Any CPU = Release|Any CPU
	EndGlobalSection
	GlobalSection(ProjectConfigurationPlatforms) = postSolution
		{4432C9A3-C4EA-4A0F-8676-B5EF31032340}.Debug|Any CPU.ActiveCfg = Debug|Any CPU
		{4432C9A3-C4EA-4A0F-8676-B5EF31032340}.Release|Any CPU.ActiveCfg = Release|Any CPU
	EndGlobalSection
	GlobalSection(SolutionProperties) = preSolution
		HideSolutionNode = FALSE
	EndGlobalSection
	GlobalSection(ExtensibilityGlobals) = postSolution
		SolutionGuid = {3AA68DA9-ED35-4468-8B16-3B1C86C2A36F}
	EndGlobalSection
EndGlobal
