
Microsoft Visual Studio Solution File, Format Version 12.00
# Visual Studio Version 16
VisualStudioVersion = 16.0.31205.134
MinimumVisualStudioVersion = 10.0.40219.1
Project("{888888A0-9F3D-457C-B088-3A5042F75D52}") = "GetSetParameter", "02_GetSetParameter.pyproj", "{E6576FD2-361A-478C-A181-8FDD14D7EB07}"
EndProject
Global
	GlobalSection(SolutionConfigurationPlatforms) = preSolution
		Debug|Any CPU = Debug|Any CPU
		Release|Any CPU = Release|Any CPU
	EndGlobalSection
	GlobalSection(ProjectConfigurationPlatforms) = postSolution
		{E6576FD2-361A-478C-A181-8FDD14D7EB07}.Debug|Any CPU.ActiveCfg = Debug|Any CPU
		{E6576FD2-361A-478C-A181-8FDD14D7EB07}.Release|Any CPU.ActiveCfg = Release|Any CPU
	EndGlobalSection
	GlobalSection(SolutionProperties) = preSolution
		HideSolutionNode = FALSE
	EndGlobalSection
	GlobalSection(ExtensibilityGlobals) = postSolution
		SolutionGuid = {9618D8AD-4047-42BE-A4C3-3E6685A16362}
	EndGlobalSection
EndGlobal
