
Microsoft Visual Studio Solution File, Format Version 12.00
# Visual Studio Version 16
VisualStudioVersion = 16.0.31205.134
MinimumVisualStudioVersion = 10.0.40219.1
Project("{F184B08F-C81C-45F6-A57F-5ABD9991F28F}") = "ManualWrite", "04_ManualWrite.vbproj", "{5FB05682-BF6C-4177-95DD-7B920C821002}"
EndProject
Global
	GlobalSection(SolutionConfigurationPlatforms) = preSolution
		Debug|Any CPU = Debug|Any CPU
		Release|Any CPU = Release|Any CPU
	EndGlobalSection
	GlobalSection(ProjectConfigurationPlatforms) = postSolution
		{5FB05682-BF6C-4177-95DD-7B920C821002}.Debug|Any CPU.ActiveCfg = Debug|Any CPU
		{5FB05682-BF6C-4177-95DD-7B920C821002}.Debug|Any CPU.Build.0 = Debug|Any CPU
		{5FB05682-BF6C-4177-95DD-7B920C821002}.Release|Any CPU.ActiveCfg = Release|Any CPU
		{5FB05682-BF6C-4177-95DD-7B920C821002}.Release|Any CPU.Build.0 = Release|Any CPU
	EndGlobalSection
	GlobalSection(SolutionProperties) = preSolution
		HideSolutionNode = FALSE
	EndGlobalSection
	GlobalSection(ExtensibilityGlobals) = postSolution
		SolutionGuid = {D6B4D64C-A58B-45CB-93B7-E0E5497C1630}
	EndGlobalSection
EndGlobal
