
Microsoft Visual Studio Solution File, Format Version 12.00
# Visual Studio Version 16
VisualStudioVersion = 16.0.31205.134
MinimumVisualStudioVersion = 10.0.40219.1
Project("{888888A0-9F3D-457C-B088-3A5042F75D52}") = "TimerWrite", "06_TimerWrite.pyproj", "{E9118E5A-33C2-4C1D-8035-45C877E882B0}"
EndProject
Global
	GlobalSection(SolutionConfigurationPlatforms) = preSolution
		Debug|Any CPU = Debug|Any CPU
		Release|Any CPU = Release|Any CPU
	EndGlobalSection
	GlobalSection(ProjectConfigurationPlatforms) = postSolution
		{E9118E5A-33C2-4C1D-8035-45C877E882B0}.Debug|Any CPU.ActiveCfg = Debug|Any CPU
		{E9118E5A-33C2-4C1D-8035-45C877E882B0}.Release|Any CPU.ActiveCfg = Release|Any CPU
	EndGlobalSection
	GlobalSection(SolutionProperties) = preSolution
		HideSolutionNode = FALSE
	EndGlobalSection
	GlobalSection(ExtensibilityGlobals) = postSolution
		SolutionGuid = {F5DD90CD-5EF0-422C-AA99-468910940647}
	EndGlobalSection
EndGlobal
