
Microsoft Visual Studio Solution File, Format Version 10.00
# Visual Studio 2008
Project("{8BC9CEB8-8B4A-11D0-8D11-00A0C91BC942}") = "SimpleSample", "SimpleSample.vcproj", "{DF7BDF8F-0395-4445-9EA9-3A40A1656B2A}"
EndProject
Global
	GlobalSection(SolutionConfigurationPlatforms) = preSolution
		Debug|Win32 = Debug|Win32
		Release|Win32 = Release|Win32
	EndGlobalSection
	GlobalSection(ProjectConfigurationPlatforms) = postSolution
		{DF7BDF8F-0395-4445-9EA9-3A40A1656B2A}.Debug|Win32.ActiveCfg = Debug|Win32
		{DF7BDF8F-0395-4445-9EA9-3A40A1656B2A}.Debug|Win32.Build.0 = Debug|Win32
		{DF7BDF8F-0395-4445-9EA9-3A40A1656B2A}.Release|Win32.ActiveCfg = Release|Win32
		{DF7BDF8F-0395-4445-9EA9-3A40A1656B2A}.Release|Win32.Build.0 = Release|Win32
	EndGlobalSection
	GlobalSection(SolutionProperties) = preSolution
		HideSolutionNode = FALSE
	EndGlobalSection
EndGlobal
